Microsoft Visual Studio Solution File, Format Version 12.00
# Visual Studio Version 17
VisualStudioVersion = 17.5.2.0
MinimumVisualStudioVersion = 10.0.40219.1
Project("{FAE04EC0-301F-11D3-BF4B-00C04F79EFBC}") = "SignalRServer", "SignalRServer.csproj", "{34760796-F744-5390-B25F-99A6786B3432}"
EndProject
Global
	GlobalSection(SolutionConfigurationPlatforms) = preSolution
		Debug|Any CPU = Debug|Any CPU
		Release|Any CPU = Release|Any CPU
	EndGlobalSection
	GlobalSection(ProjectConfigurationPlatforms) = postSolution
		{34760796-F744-5390-B25F-99A6786B3432}.Debug|Any CPU.ActiveCfg = Debug|Any CPU
		{34760796-F744-5390-B25F-99A6786B3432}.Debug|Any CPU.Build.0 = Debug|Any CPU
		{34760796-F744-5390-B25F-99A6786B3432}.Release|Any CPU.ActiveCfg = Release|Any CPU
		{34760796-F744-5390-B25F-99A6786B3432}.Release|Any CPU.Build.0 = Release|Any CPU
	EndGlobalSection
	GlobalSection(SolutionProperties) = preSolution
		HideSolutionNode = FALSE
	EndGlobalSection
	GlobalSection(ExtensibilityGlobals) = postSolution
		SolutionGuid = {D5C2DF75-683B-4350-894C-883C35663A38}
	EndGlobalSection
EndGlobal
